
Microsoft Visual Studio Solution File, Format Version 12.00
# Visual Studio Version 17
VisualStudioVersion = 17.4.33205.214
MinimumVisualStudioVersion = 10.0.40219.1
Project("{9A19103F-16F7-4668-BE54-9A1E7A4F7556}") = "DungeonEscape.Game", "DungeonEscape.Game\DungeonEscape.Game.csproj", "{A584A881-2141-4398-BFCC-8606DB3DC249}"
EndProject
Project("{9A19103F-16F7-4668-BE54-9A1E7A4F7556}") = "DungeonEscape.Logic", "DungeonEscape.Logic\DungeonEscape.Logic.csproj", "{8C5B8381-8F6D-4504-B034-26DCB2909904}"
EndProject
Project("{9A19103F-16F7-4668-BE54-9A1E7A4F7556}") = "DungeonEscape.Api", "DungeonEscape.Api\DungeonEscape.Api.csproj", "{71DB92E7-A0EA-4FB3-8C8D-DBB5CE2D8506}"
EndProject
Project("{9A19103F-16F7-4668-BE54-9A1E7A4F7556}") = "GitHubGistStorage", "..\GitHubGistStorage\GitHubGistStorage.csproj", "{C437E11D-8417-49E1-AC88-5F5C7E9C82D8}"
EndProject
Global
	GlobalSection(SolutionConfigurationPlatforms) = preSolution
		Debug|Any CPU = Debug|Any CPU
		Release|Any CPU = Release|Any CPU
	EndGlobalSection
	GlobalSection(ProjectConfigurationPlatforms) = postSolution
		{A584A881-2141-4398-BFCC-8606DB3DC249}.Debug|Any CPU.ActiveCfg = Debug|Any CPU
		{A584A881-2141-4398-BFCC-8606DB3DC249}.Debug|Any CPU.Build.0 = Debug|Any CPU
		{A584A881-2141-4398-BFCC-8606DB3DC249}.Release|Any CPU.ActiveCfg = Release|Any CPU
		{A584A881-2141-4398-BFCC-8606DB3DC249}.Release|Any CPU.Build.0 = Release|Any CPU
		{8C5B8381-8F6D-4504-B034-26DCB2909904}.Debug|Any CPU.ActiveCfg = Debug|Any CPU
		{8C5B8381-8F6D-4504-B034-26DCB2909904}.Debug|Any CPU.Build.0 = Debug|Any CPU
		{8C5B8381-8F6D-4504-B034-26DCB2909904}.Release|Any CPU.ActiveCfg = Release|Any CPU
		{8C5B8381-8F6D-4504-B034-26DCB2909904}.Release|Any CPU.Build.0 = Release|Any CPU
		{71DB92E7-A0EA-4FB3-8C8D-DBB5CE2D8506}.Debug|Any CPU.ActiveCfg = Debug|Any CPU
		{71DB92E7-A0EA-4FB3-8C8D-DBB5CE2D8506}.Debug|Any CPU.Build.0 = Debug|Any CPU
		{71DB92E7-A0EA-4FB3-8C8D-DBB5CE2D8506}.Release|Any CPU.ActiveCfg = Release|Any CPU
		{71DB92E7-A0EA-4FB3-8C8D-DBB5CE2D8506}.Release|Any CPU.Build.0 = Release|Any CPU
		{C437E11D-8417-49E1-AC88-5F5C7E9C82D8}.Debug|Any CPU.ActiveCfg = Debug|Any CPU
		{C437E11D-8417-49E1-AC88-5F5C7E9C82D8}.Debug|Any CPU.Build.0 = Debug|Any CPU
		{C437E11D-8417-49E1-AC88-5F5C7E9C82D8}.Release|Any CPU.ActiveCfg = Release|Any CPU
		{C437E11D-8417-49E1-AC88-5F5C7E9C82D8}.Release|Any CPU.Build.0 = Release|Any CPU
	EndGlobalSection
	GlobalSection(SolutionProperties) = preSolution
		HideSolutionNode = FALSE
	EndGlobalSection
	GlobalSection(ExtensibilityGlobals) = postSolution
		SolutionGuid = {4B3EA24B-4771-4934-AAB6-C60BDA77C63F}
	EndGlobalSection
EndGlobal
